
Microsoft Visual Studio Solution File, Format Version 12.00
# Visual Studio 15
VisualStudioVersion = 15.0.27130.0
MinimumVisualStudioVersion = 10.0.40219.1
Project("{2150E333-8FDC-42A3-9474-1A3956D46DE8}") = "Unity", "Unity", "{1E28E764-C700-40A3-80B0-0E0E65B6CE4E}"
EndProject
Project("{2150E333-8FDC-42A3-9474-1A3956D46DE8}") = "MediaEngine", "MediaEngine", "{F3A28041-E2B9-416E-8A6C-1AACBF017072}"
EndProject
Project("{8BC9CEB8-8B4A-11D0-8D11-00A0C91BC942}") = "MediaEngineUWP", "MediaEnginePlayerPlugin\MediaEngineUWP\UWP\MediaEngineUWP.vcxproj", "{4A859119-6730-4612-987F-DABF98F213ED}"
EndProject
Project("{8BC9CEB8-8B4A-11D0-8D11-00A0C91BC942}") = "Shared", "MediaEnginePlayerPlugin\MediaEngineUWP\Shared\Shared.vcxitems", "{FE4A5965-EC67-4F68-B11D-6608906EF016}"
EndProject
Project("{8BC9CEB8-8B4A-11D0-8D11-00A0C91BC942}") = "WebRtcScheme", "MediaEnginePlayerPlugin\WebRtcScheme\WebRtcScheme.vcxproj", "{B02463BF-335C-4D04-A8CD-975A875223EE}"
EndProject
Project("{FAE04EC0-301F-11D3-BF4B-00C04F79EFBC}") = "PeerConnectionClientUnity", "ClientUnity\PeerConnectionClientUnity.csproj", "{13A45C13-3265-47B8-BC48-A553B569DF55}"
	ProjectSection(ProjectDependencies) = postProject
		{4A859119-6730-4612-987F-DABF98F213ED} = {4A859119-6730-4612-987F-DABF98F213ED}
	EndProjectSection
EndProject
Project("{FAE04EC0-301F-11D3-BF4B-00C04F79EFBC}") = "Assembly-CSharp", "ClientUnity\Unity\Assembly-CSharp\Assembly-CSharp.csproj", "{661EFDE0-ED45-41A2-8E83-D8C6473D8988}"
EndProject
Project("{FAE04EC0-301F-11D3-BF4B-00C04F79EFBC}") = "PeerConnectionClientUnityD3DCore", "ClientCore\PeerConnectionClientUnityD3DCore.csproj", "{217FAA3A-8FC1-4663-BA00-2F842B3FF4E1}"
EndProject
Global
	GlobalSection(SharedMSBuildProjectFiles) = preSolution
		MediaEnginePlayerPlugin\MediaEngineUWP\Shared\Shared.vcxitems*{4a859119-6730-4612-987f-dabf98f213ed}*SharedItemsImports = 4
		MediaEnginePlayerPlugin\MediaEngineUWP\Shared\Shared.vcxitems*{fe4a5965-ec67-4f68-b11d-6608906ef016}*SharedItemsImports = 9
	EndGlobalSection
	GlobalSection(SolutionConfigurationPlatforms) = preSolution
		Debug|Any CPU = Debug|Any CPU
		Debug|ARM = Debug|ARM
		Debug|x64 = Debug|x64
		Debug|x86 = Debug|x86
		GN|Any CPU = GN|Any CPU
		GN|ARM = GN|ARM
		GN|x64 = GN|x64
		GN|x86 = GN|x86
		Master|Any CPU = Master|Any CPU
		Master|ARM = Master|ARM
		Master|x64 = Master|x64
		Master|x86 = Master|x86
		Release|Any CPU = Release|Any CPU
		Release|ARM = Release|ARM
		Release|x64 = Release|x64
		Release|x86 = Release|x86
	EndGlobalSection
	GlobalSection(ProjectConfigurationPlatforms) = postSolution
		{4A859119-6730-4612-987F-DABF98F213ED}.Debug|Any CPU.ActiveCfg = Debug|Win32
		{4A859119-6730-4612-987F-DABF98F213ED}.Debug|ARM.ActiveCfg = Debug|Win32
		{4A859119-6730-4612-987F-DABF98F213ED}.Debug|x64.ActiveCfg = Debug|x64
		{4A859119-6730-4612-987F-DABF98F213ED}.Debug|x64.Build.0 = Debug|x64
		{4A859119-6730-4612-987F-DABF98F213ED}.Debug|x86.ActiveCfg = Debug|Win32
		{4A859119-6730-4612-987F-DABF98F213ED}.Debug|x86.Build.0 = Debug|Win32
		{4A859119-6730-4612-987F-DABF98F213ED}.GN|Any CPU.ActiveCfg = Release|x64
		{4A859119-6730-4612-987F-DABF98F213ED}.GN|Any CPU.Build.0 = Release|x64
		{4A859119-6730-4612-987F-DABF98F213ED}.GN|ARM.ActiveCfg = Release|x64
		{4A859119-6730-4612-987F-DABF98F213ED}.GN|ARM.Build.0 = Release|x64
		{4A859119-6730-4612-987F-DABF98F213ED}.GN|x64.ActiveCfg = Release|x64
		{4A859119-6730-4612-987F-DABF98F213ED}.GN|x64.Build.0 = Release|x64
		{4A859119-6730-4612-987F-DABF98F213ED}.GN|x86.ActiveCfg = Release|Win32
		{4A859119-6730-4612-987F-DABF98F213ED}.GN|x86.Build.0 = Release|Win32
		{4A859119-6730-4612-987F-DABF98F213ED}.Master|Any CPU.ActiveCfg = Release|x64
		{4A859119-6730-4612-987F-DABF98F213ED}.Master|Any CPU.Build.0 = Release|x64
		{4A859119-6730-4612-987F-DABF98F213ED}.Master|ARM.ActiveCfg = Release|x64
		{4A859119-6730-4612-987F-DABF98F213ED}.Master|ARM.Build.0 = Release|x64
		{4A859119-6730-4612-987F-DABF98F213ED}.Master|x64.ActiveCfg = Release|x64
		{4A859119-6730-4612-987F-DABF98F213ED}.Master|x64.Build.0 = Release|x64
		{4A859119-6730-4612-987F-DABF98F213ED}.Master|x86.ActiveCfg = Release|Win32
		{4A859119-6730-4612-987F-DABF98F213ED}.Master|x86.Build.0 = Release|Win32
		{4A859119-6730-4612-987F-DABF98F213ED}.Release|Any CPU.ActiveCfg = Release|Win32
		{4A859119-6730-4612-987F-DABF98F213ED}.Release|ARM.ActiveCfg = Release|Win32
		{4A859119-6730-4612-987F-DABF98F213ED}.Release|x64.ActiveCfg = Release|x64
		{4A859119-6730-4612-987F-DABF98F213ED}.Release|x64.Build.0 = Release|x64
		{4A859119-6730-4612-987F-DABF98F213ED}.Release|x86.ActiveCfg = Release|Win32
		{4A859119-6730-4612-987F-DABF98F213ED}.Release|x86.Build.0 = Release|Win32
		{B02463BF-335C-4D04-A8CD-975A875223EE}.Debug|Any CPU.ActiveCfg = Debug|Win32
		{B02463BF-335C-4D04-A8CD-975A875223EE}.Debug|ARM.ActiveCfg = Debug|ARM
		{B02463BF-335C-4D04-A8CD-975A875223EE}.Debug|ARM.Build.0 = Debug|ARM
		{B02463BF-335C-4D04-A8CD-975A875223EE}.Debug|x64.ActiveCfg = Debug|x64
		{B02463BF-335C-4D04-A8CD-975A875223EE}.Debug|x64.Build.0 = Debug|x64
		{B02463BF-335C-4D04-A8CD-975A875223EE}.Debug|x86.ActiveCfg = Debug|Win32
		{B02463BF-335C-4D04-A8CD-975A875223EE}.Debug|x86.Build.0 = Debug|Win32
		{B02463BF-335C-4D04-A8CD-975A875223EE}.GN|Any CPU.ActiveCfg = Release|x64
		{B02463BF-335C-4D04-A8CD-975A875223EE}.GN|Any CPU.Build.0 = Release|x64
		{B02463BF-335C-4D04-A8CD-975A875223EE}.GN|ARM.ActiveCfg = Release|ARM
		{B02463BF-335C-4D04-A8CD-975A875223EE}.GN|ARM.Build.0 = Release|ARM
		{B02463BF-335C-4D04-A8CD-975A875223EE}.GN|x64.ActiveCfg = Release|x64
		{B02463BF-335C-4D04-A8CD-975A875223EE}.GN|x64.Build.0 = Release|x64
		{B02463BF-335C-4D04-A8CD-975A875223EE}.GN|x86.ActiveCfg = Release|Win32
		{B02463BF-335C-4D04-A8CD-975A875223EE}.GN|x86.Build.0 = Release|Win32
		{B02463BF-335C-4D04-A8CD-975A875223EE}.Master|Any CPU.ActiveCfg = Release|x64
		{B02463BF-335C-4D04-A8CD-975A875223EE}.Master|Any CPU.Build.0 = Release|x64
		{B02463BF-335C-4D04-A8CD-975A875223EE}.Master|ARM.ActiveCfg = Release|ARM
		{B02463BF-335C-4D04-A8CD-975A875223EE}.Master|ARM.Build.0 = Release|ARM
		{B02463BF-335C-4D04-A8CD-975A875223EE}.Master|x64.ActiveCfg = Release|x64
		{B02463BF-335C-4D04-A8CD-975A875223EE}.Master|x64.Build.0 = Release|x64
		{B02463BF-335C-4D04-A8CD-975A875223EE}.Master|x86.ActiveCfg = Release|Win32
		{B02463BF-335C-4D04-A8CD-975A875223EE}.Master|x86.Build.0 = Release|Win32
		{B02463BF-335C-4D04-A8CD-975A875223EE}.Release|Any CPU.ActiveCfg = Release|Win32
		{B02463BF-335C-4D04-A8CD-975A875223EE}.Release|ARM.ActiveCfg = Release|ARM
		{B02463BF-335C-4D04-A8CD-975A875223EE}.Release|ARM.Build.0 = Release|ARM
		{B02463BF-335C-4D04-A8CD-975A875223EE}.Release|x64.ActiveCfg = Release|x64
		{B02463BF-335C-4D04-A8CD-975A875223EE}.Release|x64.Build.0 = Release|x64
		{B02463BF-335C-4D04-A8CD-975A875223EE}.Release|x86.ActiveCfg = Release|Win32
		{B02463BF-335C-4D04-A8CD-975A875223EE}.Release|x86.Build.0 = Release|Win32
		{13A45C13-3265-47B8-BC48-A553B569DF55}.Debug|Any CPU.ActiveCfg = Debug|x86
		{13A45C13-3265-47B8-BC48-A553B569DF55}.Debug|ARM.ActiveCfg = Debug|ARM
		{13A45C13-3265-47B8-BC48-A553B569DF55}.Debug|ARM.Build.0 = Debug|ARM
		{13A45C13-3265-47B8-BC48-A553B569DF55}.Debug|ARM.Deploy.0 = Debug|ARM
		{13A45C13-3265-47B8-BC48-A553B569DF55}.Debug|x64.ActiveCfg = Debug|x64
		{13A45C13-3265-47B8-BC48-A553B569DF55}.Debug|x64.Build.0 = Debug|x64
		{13A45C13-3265-47B8-BC48-A553B569DF55}.Debug|x64.Deploy.0 = Debug|x64
		{13A45C13-3265-47B8-BC48-A553B569DF55}.Debug|x86.ActiveCfg = Debug|x86
		{13A45C13-3265-47B8-BC48-A553B569DF55}.Debug|x86.Build.0 = Debug|x86
		{13A45C13-3265-47B8-BC48-A553B569DF55}.Debug|x86.Deploy.0 = Debug|x86
		{13A45C13-3265-47B8-BC48-A553B569DF55}.GN|Any CPU.ActiveCfg = Master|x86
		{13A45C13-3265-47B8-BC48-A553B569DF55}.GN|Any CPU.Build.0 = Master|x86
		{13A45C13-3265-47B8-BC48-A553B569DF55}.GN|Any CPU.Deploy.0 = Master|x86
		{13A45C13-3265-47B8-BC48-A553B569DF55}.GN|ARM.ActiveCfg = Master|ARM
		{13A45C13-3265-47B8-BC48-A553B569DF55}.GN|ARM.Build.0 = Master|ARM
		{13A45C13-3265-47B8-BC48-A553B569DF55}.GN|ARM.Deploy.0 = Master|ARM
		{13A45C13-3265-47B8-BC48-A553B569DF55}.GN|x64.ActiveCfg = Master|x64
		{13A45C13-3265-47B8-BC48-A553B569DF55}.GN|x64.Build.0 = Master|x64
		{13A45C13-3265-47B8-BC48-A553B569DF55}.GN|x64.Deploy.0 = Master|x64
		{13A45C13-3265-47B8-BC48-A553B569DF55}.GN|x86.ActiveCfg = Master|x86
		{13A45C13-3265-47B8-BC48-A553B569DF55}.GN|x86.Build.0 = Master|x86
		{13A45C13-3265-47B8-BC48-A553B569DF55}.GN|x86.Deploy.0 = Master|x86
		{13A45C13-3265-47B8-BC48-A553B569DF55}.Master|Any CPU.ActiveCfg = Master|x86
		{13A45C13-3265-47B8-BC48-A553B569DF55}.Master|ARM.ActiveCfg = Master|ARM
		{13A45C13-3265-47B8-BC48-A553B569DF55}.Master|ARM.Build.0 = Master|ARM
		{13A45C13-3265-47B8-BC48-A553B569DF55}.Master|ARM.Deploy.0 = Master|ARM
		{13A45C13-3265-47B8-BC48-A553B569DF55}.Master|x64.ActiveCfg = Master|x64
		{13A45C13-3265-47B8-BC48-A553B569DF55}.Master|x64.Build.0 = Master|x64
		{13A45C13-3265-47B8-BC48-A553B569DF55}.Master|x64.Deploy.0 = Master|x64
		{13A45C13-3265-47B8-BC48-A553B569DF55}.Master|x86.ActiveCfg = Master|x86
		{13A45C13-3265-47B8-BC48-A553B569DF55}.Master|x86.Build.0 = Master|x86
		{13A45C13-3265-47B8-BC48-A553B569DF55}.Master|x86.Deploy.0 = Master|x86
		{13A45C13-3265-47B8-BC48-A553B569DF55}.Release|Any CPU.ActiveCfg = Release|x86
		{13A45C13-3265-47B8-BC48-A553B569DF55}.Release|ARM.ActiveCfg = Release|ARM
		{13A45C13-3265-47B8-BC48-A553B569DF55}.Release|ARM.Build.0 = Release|ARM
		{13A45C13-3265-47B8-BC48-A553B569DF55}.Release|ARM.Deploy.0 = Release|ARM
		{13A45C13-3265-47B8-BC48-A553B569DF55}.Release|x64.ActiveCfg = Release|x64
		{13A45C13-3265-47B8-BC48-A553B569DF55}.Release|x64.Build.0 = Release|x64
		{13A45C13-3265-47B8-BC48-A553B569DF55}.Release|x64.Deploy.0 = Release|x64
		{13A45C13-3265-47B8-BC48-A553B569DF55}.Release|x86.ActiveCfg = Release|x86
		{13A45C13-3265-47B8-BC48-A553B569DF55}.Release|x86.Build.0 = Release|x86
		{13A45C13-3265-47B8-BC48-A553B569DF55}.Release|x86.Deploy.0 = Release|x86
		{661EFDE0-ED45-41A2-8E83-D8C6473D8988}.Debug|Any CPU.ActiveCfg = Debug|x86
		{661EFDE0-ED45-41A2-8E83-D8C6473D8988}.Debug|ARM.ActiveCfg = Debug|ARM
		{661EFDE0-ED45-41A2-8E83-D8C6473D8988}.Debug|ARM.Build.0 = Debug|ARM
		{661EFDE0-ED45-41A2-8E83-D8C6473D8988}.Debug|x64.ActiveCfg = Debug|x64
		{661EFDE0-ED45-41A2-8E83-D8C6473D8988}.Debug|x64.Build.0 = Debug|x64
		{661EFDE0-ED45-41A2-8E83-D8C6473D8988}.Debug|x86.ActiveCfg = Debug|x86
		{661EFDE0-ED45-41A2-8E83-D8C6473D8988}.Debug|x86.Build.0 = Debug|x86
		{661EFDE0-ED45-41A2-8E83-D8C6473D8988}.GN|Any CPU.ActiveCfg = Master|ARM
		{661EFDE0-ED45-41A2-8E83-D8C6473D8988}.GN|Any CPU.Build.0 = Master|ARM
		{661EFDE0-ED45-41A2-8E83-D8C6473D8988}.GN|ARM.ActiveCfg = Master|ARM
		{661EFDE0-ED45-41A2-8E83-D8C6473D8988}.GN|ARM.Build.0 = Master|ARM
		{661EFDE0-ED45-41A2-8E83-D8C6473D8988}.GN|x64.ActiveCfg = Master|x64
		{661EFDE0-ED45-41A2-8E83-D8C6473D8988}.GN|x64.Build.0 = Master|x64
		{661EFDE0-ED45-41A2-8E83-D8C6473D8988}.GN|x86.ActiveCfg = Master|x86
		{661EFDE0-ED45-41A2-8E83-D8C6473D8988}.GN|x86.Build.0 = Master|x86
		{661EFDE0-ED45-41A2-8E83-D8C6473D8988}.Master|Any CPU.ActiveCfg = Master|x86
		{661EFDE0-ED45-41A2-8E83-D8C6473D8988}.Master|ARM.ActiveCfg = Master|ARM
		{661EFDE0-ED45-41A2-8E83-D8C6473D8988}.Master|ARM.Build.0 = Master|ARM
		{661EFDE0-ED45-41A2-8E83-D8C6473D8988}.Master|x64.ActiveCfg = Master|x64
		{661EFDE0-ED45-41A2-8E83-D8C6473D8988}.Master|x64.Build.0 = Master|x64
		{661EFDE0-ED45-41A2-8E83-D8C6473D8988}.Master|x86.ActiveCfg = Master|x86
		{661EFDE0-ED45-41A2-8E83-D8C6473D8988}.Master|x86.Build.0 = Master|x86
		{661EFDE0-ED45-41A2-8E83-D8C6473D8988}.Release|Any CPU.ActiveCfg = Release|x86
		{661EFDE0-ED45-41A2-8E83-D8C6473D8988}.Release|ARM.ActiveCfg = Release|ARM
		{661EFDE0-ED45-41A2-8E83-D8C6473D8988}.Release|ARM.Build.0 = Release|ARM
		{661EFDE0-ED45-41A2-8E83-D8C6473D8988}.Release|x64.ActiveCfg = Release|x64
		{661EFDE0-ED45-41A2-8E83-D8C6473D8988}.Release|x64.Build.0 = Release|x64
		{661EFDE0-ED45-41A2-8E83-D8C6473D8988}.Release|x86.ActiveCfg = Release|x86
		{661EFDE0-ED45-41A2-8E83-D8C6473D8988}.Release|x86.Build.0 = Release|x86
		{217FAA3A-8FC1-4663-BA00-2F842B3FF4E1}.Debug|Any CPU.ActiveCfg = Debug|x86
		{217FAA3A-8FC1-4663-BA00-2F842B3FF4E1}.Debug|ARM.ActiveCfg = Debug|ARM
		{217FAA3A-8FC1-4663-BA00-2F842B3FF4E1}.Debug|ARM.Build.0 = Debug|ARM
		{217FAA3A-8FC1-4663-BA00-2F842B3FF4E1}.Debug|x64.ActiveCfg = Debug|x64
		{217FAA3A-8FC1-4663-BA00-2F842B3FF4E1}.Debug|x64.Build.0 = Debug|x64
		{217FAA3A-8FC1-4663-BA00-2F842B3FF4E1}.Debug|x86.ActiveCfg = Debug|x86
		{217FAA3A-8FC1-4663-BA00-2F842B3FF4E1}.Debug|x86.Build.0 = Debug|x86
		{217FAA3A-8FC1-4663-BA00-2F842B3FF4E1}.GN|Any CPU.ActiveCfg = Release|x64
		{217FAA3A-8FC1-4663-BA00-2F842B3FF4E1}.GN|Any CPU.Build.0 = Release|x64
		{217FAA3A-8FC1-4663-BA00-2F842B3FF4E1}.GN|ARM.ActiveCfg = Release|ARM
		{217FAA3A-8FC1-4663-BA00-2F842B3FF4E1}.GN|ARM.Build.0 = Release|ARM
		{217FAA3A-8FC1-4663-BA00-2F842B3FF4E1}.GN|x64.ActiveCfg = Release|x64
		{217FAA3A-8FC1-4663-BA00-2F842B3FF4E1}.GN|x64.Build.0 = Release|x64
		{217FAA3A-8FC1-4663-BA00-2F842B3FF4E1}.GN|x86.ActiveCfg = Release|x86
		{217FAA3A-8FC1-4663-BA00-2F842B3FF4E1}.GN|x86.Build.0 = Release|x86
		{217FAA3A-8FC1-4663-BA00-2F842B3FF4E1}.Master|Any CPU.ActiveCfg = Release|x64
		{217FAA3A-8FC1-4663-BA00-2F842B3FF4E1}.Master|Any CPU.Build.0 = Release|x64
		{217FAA3A-8FC1-4663-BA00-2F842B3FF4E1}.Master|ARM.ActiveCfg = Release|ARM
		{217FAA3A-8FC1-4663-BA00-2F842B3FF4E1}.Master|ARM.Build.0 = Release|ARM
		{217FAA3A-8FC1-4663-BA00-2F842B3FF4E1}.Master|x64.ActiveCfg = Release|x64
		{217FAA3A-8FC1-4663-BA00-2F842B3FF4E1}.Master|x64.Build.0 = Release|x64
		{217FAA3A-8FC1-4663-BA00-2F842B3FF4E1}.Master|x86.ActiveCfg = Release|x86
		{217FAA3A-8FC1-4663-BA00-2F842B3FF4E1}.Master|x86.Build.0 = Release|x86
		{217FAA3A-8FC1-4663-BA00-2F842B3FF4E1}.Release|Any CPU.ActiveCfg = Release|x86
		{217FAA3A-8FC1-4663-BA00-2F842B3FF4E1}.Release|ARM.ActiveCfg = Release|ARM
		{217FAA3A-8FC1-4663-BA00-2F842B3FF4E1}.Release|ARM.Build.0 = Release|ARM
		{217FAA3A-8FC1-4663-BA00-2F842B3FF4E1}.Release|x64.ActiveCfg = Release|x64
		{217FAA3A-8FC1-4663-BA00-2F842B3FF4E1}.Release|x64.Build.0 = Release|x64
		{217FAA3A-8FC1-4663-BA00-2F842B3FF4E1}.Release|x86.ActiveCfg = Release|x86
		{217FAA3A-8FC1-4663-BA00-2F842B3FF4E1}.Release|x86.Build.0 = Release|x86
	EndGlobalSection
	GlobalSection(SolutionProperties) = preSolution
		HideSolutionNode = FALSE
	EndGlobalSection
	GlobalSection(NestedProjects) = preSolution
		{F3A28041-E2B9-416E-8A6C-1AACBF017072} = {1E28E764-C700-40A3-80B0-0E0E65B6CE4E}
		{4A859119-6730-4612-987F-DABF98F213ED} = {F3A28041-E2B9-416E-8A6C-1AACBF017072}
		{FE4A5965-EC67-4F68-B11D-6608906EF016} = {F3A28041-E2B9-416E-8A6C-1AACBF017072}
		{B02463BF-335C-4D04-A8CD-975A875223EE} = {1E28E764-C700-40A3-80B0-0E0E65B6CE4E}
		{661EFDE0-ED45-41A2-8E83-D8C6473D8988} = {1E28E764-C700-40A3-80B0-0E0E65B6CE4E}
	EndGlobalSection
	GlobalSection(ExtensibilityGlobals) = postSolution
		SolutionGuid = {36335805-B335-4845-8EEB-77E32101A75D}
	EndGlobalSection
EndGlobal
